
Microsoft Visual Studio Solution File, Format Version 12.00
# Visual Studio Version 17
VisualStudioVersion = 17.0.32014.148
MinimumVisualStudioVersion = 10.0.40219.1
Project("{9A19103F-16F7-4668-BE54-9A1E7A4F7556}") = "Entra21.ExemplosWhile", "Entra21.ExemplosWhile\Entra21.ExemplosWhile.csproj", "{2976CE6E-3321-4A93-9DEA-014B429A81BD}"
EndProject
Project("{9A19103F-16F7-4668-BE54-9A1E7A4F7556}") = "Entra21.ExerciciosWhile", "Entra21.ExerciciosWhile\Entra21.ExerciciosWhile.csproj", "{B0CB8D64-E183-4CF9-924B-8288BCCB86C4}"
EndProject
Project("{9A19103F-16F7-4668-BE54-9A1E7A4F7556}") = "Entra21.ExercicioForTryCatch", "ExercicioForTryCatch\Entra21.ExercicioForTryCatch.csproj", "{C26928FB-9F1D-4F9B-96DE-1A401C904237}"
EndProject
Project("{9A19103F-16F7-4668-BE54-9A1E7A4F7556}") = "Entra21.ExerciciosVetor", "Entra21.ExerciciosVetor\Entra21.ExerciciosVetor.csproj", "{47185CF5-1D89-4F3C-B459-897BA0D8ECFF}"
EndProject
Project("{FAE04EC0-301F-11D3-BF4B-00C04F79EFBC}") = "Entra21.ExemploOrientacaoObjetos", "Entra21ExemploOrientaocaoObjetos\Entra21.ExemploOrientacaoObjetos.csproj", "{E743F2F6-B5E1-4576-B09D-4C7DA76A22F7}"
EndProject
Project("{2150E333-8FDC-42A3-9474-1A3956D46DE8}") = "while for vetor", "while for vetor", "{46488EC3-76A9-4632-9DB5-DE9531179689}"
EndProject
Project("{FAE04EC0-301F-11D3-BF4B-00C04F79EFBC}") = "Entra21.ExemploOrientacaoObjetos.Tests", "Entra21ExemploOrientacaoObjetos.Tests\Entra21.ExemploOrientacaoObjetos.Tests.csproj", "{E86110BA-2A14-4123-8F48-B08001B146D8}"
EndProject
Global
	GlobalSection(SolutionConfigurationPlatforms) = preSolution
		Debug|Any CPU = Debug|Any CPU
		Release|Any CPU = Release|Any CPU
	EndGlobalSection
	GlobalSection(ProjectConfigurationPlatforms) = postSolution
		{2976CE6E-3321-4A93-9DEA-014B429A81BD}.Debug|Any CPU.ActiveCfg = Debug|Any CPU
		{2976CE6E-3321-4A93-9DEA-014B429A81BD}.Debug|Any CPU.Build.0 = Debug|Any CPU
		{2976CE6E-3321-4A93-9DEA-014B429A81BD}.Release|Any CPU.ActiveCfg = Release|Any CPU
		{2976CE6E-3321-4A93-9DEA-014B429A81BD}.Release|Any CPU.Build.0 = Release|Any CPU
		{B0CB8D64-E183-4CF9-924B-8288BCCB86C4}.Debug|Any CPU.ActiveCfg = Debug|Any CPU
		{B0CB8D64-E183-4CF9-924B-8288BCCB86C4}.Debug|Any CPU.Build.0 = Debug|Any CPU
		{B0CB8D64-E183-4CF9-924B-8288BCCB86C4}.Release|Any CPU.ActiveCfg = Release|Any CPU
		{B0CB8D64-E183-4CF9-924B-8288BCCB86C4}.Release|Any CPU.Build.0 = Release|Any CPU
		{C26928FB-9F1D-4F9B-96DE-1A401C904237}.Debug|Any CPU.ActiveCfg = Debug|Any CPU
		{C26928FB-9F1D-4F9B-96DE-1A401C904237}.Debug|Any CPU.Build.0 = Debug|Any CPU
		{C26928FB-9F1D-4F9B-96DE-1A401C904237}.Release|Any CPU.ActiveCfg = Release|Any CPU
		{C26928FB-9F1D-4F9B-96DE-1A401C904237}.Release|Any CPU.Build.0 = Release|Any CPU
		{47185CF5-1D89-4F3C-B459-897BA0D8ECFF}.Debug|Any CPU.ActiveCfg = Debug|Any CPU
		{47185CF5-1D89-4F3C-B459-897BA0D8ECFF}.Debug|Any CPU.Build.0 = Debug|Any CPU
		{47185CF5-1D89-4F3C-B459-897BA0D8ECFF}.Release|Any CPU.ActiveCfg = Release|Any CPU
		{47185CF5-1D89-4F3C-B459-897BA0D8ECFF}.Release|Any CPU.Build.0 = Release|Any CPU
		{E743F2F6-B5E1-4576-B09D-4C7DA76A22F7}.Debug|Any CPU.ActiveCfg = Debug|Any CPU
		{E743F2F6-B5E1-4576-B09D-4C7DA76A22F7}.Debug|Any CPU.Build.0 = Debug|Any CPU
		{E743F2F6-B5E1-4576-B09D-4C7DA76A22F7}.Release|Any CPU.ActiveCfg = Release|Any CPU
		{E743F2F6-B5E1-4576-B09D-4C7DA76A22F7}.Release|Any CPU.Build.0 = Release|Any CPU
		{E86110BA-2A14-4123-8F48-B08001B146D8}.Debug|Any CPU.ActiveCfg = Debug|Any CPU
		{E86110BA-2A14-4123-8F48-B08001B146D8}.Debug|Any CPU.Build.0 = Debug|Any CPU
		{E86110BA-2A14-4123-8F48-B08001B146D8}.Release|Any CPU.ActiveCfg = Release|Any CPU
		{E86110BA-2A14-4123-8F48-B08001B146D8}.Release|Any CPU.Build.0 = Release|Any CPU
	EndGlobalSection
	GlobalSection(SolutionProperties) = preSolution
		HideSolutionNode = FALSE
	EndGlobalSection
	GlobalSection(NestedProjects) = preSolution
		{2976CE6E-3321-4A93-9DEA-014B429A81BD} = {46488EC3-76A9-4632-9DB5-DE9531179689}
		{B0CB8D64-E183-4CF9-924B-8288BCCB86C4} = {46488EC3-76A9-4632-9DB5-DE9531179689}
		{C26928FB-9F1D-4F9B-96DE-1A401C904237} = {46488EC3-76A9-4632-9DB5-DE9531179689}
		{47185CF5-1D89-4F3C-B459-897BA0D8ECFF} = {46488EC3-76A9-4632-9DB5-DE9531179689}
	EndGlobalSection
	GlobalSection(ExtensibilityGlobals) = postSolution
		SolutionGuid = {2076B5DC-F847-4127-BF2A-D716315BF171}
	EndGlobalSection
EndGlobal
